// !$*UTF8*$!
{
	archiveVersion = 1;
	classes = {
	};
	objectVersion = 46;
	objects = {

/* Begin PBXBuildFile section */
		71DFBA95199DD65000EDF167 /* AppDelegate.swift in Sources */ = {isa = PBXBuildFile; fileRef = 71DFBA94199DD65000EDF167 /* AppDelegate.swift */; };
		71DFBA97199DD65000EDF167 /* Images.xcassets in Resources */ = {isa = PBXBuildFile; fileRef = 71DFBA96199DD65000EDF167 /* Images.xcassets */; };
		71DFBAA3199DD65000EDF167 /* NumberProblems_SwiftTests.swift in Sources */ = {isa = PBXBuildFile; fileRef = 71DFBAA2199DD65000EDF167 /* NumberProblems_SwiftTests.swift */; };
/* End PBXBuildFile section */

/* Begin PBXContainerItemProxy section */
		71DFBA9D199DD65000EDF167 /* PBXContainerItemProxy */ = {
			isa = PBXContainerItemProxy;
			containerPortal = 71DFBA87199DD65000EDF167 /* Project object */;
			proxyType = 1;
			remoteGlobalIDString = 71DFBA8E199DD65000EDF167;
			remoteInfo = "NumberProblems-Swift";
		};
/* End PBXContainerItemProxy section */

/* Begin PBXFileReference section */
		71DFBA8F199DD65000EDF167 /* NumberProblems-Swift.app */ = {isa = PBXFileReference; explicitFileType = wrapper.application; includeInIndex = 0; path = "NumberProblems-Swift.app"; sourceTree = BUILT_PRODUCTS_DIR; };
		71DFBA93199DD65000EDF167 /* Info.plist */ = {isa = PBXFileReference; lastKnownFileType = text.plist.xml; path = Info.plist; sourceTree = "<group>"; };
		71DFBA94199DD65000EDF167 /* AppDelegate.swift */ = {isa = PBXFileReference; lastKnownFileType = sourcecode.swift; path = AppDelegate.swift; sourceTree = "<group>"; };
		71DFBA96199DD65000EDF167 /* Images.xcassets */ = {isa = PBXFileReference; lastKnownFileType = folder.assetcatalog; path = Images.xcassets; sourceTree = "<group>"; };
		71DFBA9C199DD65000EDF167 /* NumberProblems-SwiftTests.xctest */ = {isa = PBXFileReference; explicitFileType = wrapper.cfbundle; includeInIndex = 0; path = "NumberProblems-SwiftTests.xctest"; sourceTree = BUILT_PRODUCTS_DIR; };
		71DFBAA1199DD65000EDF167 /* Info.plist */ = {isa = PBXFileReference; lastKnownFileType = text.plist.xml; path = Info.plist; sourceTree = "<group>"; };
		71DFBAA2199DD65000EDF167 /* NumberProblems_SwiftTests.swift */ = {isa = PBXFileReference; lastKnownFileType = sourcecode.swift; path = NumberProblems_SwiftTests.swift; sourceTree = "<group>"; };
/* End PBXFileReference section */

/* Begin PBXFrameworksBuildPhase section */
		71DFBA8C199DD65000EDF167 /* Frameworks */ = {
			isa = PBXFrameworksBuildPhase;
			buildActionMask = 2147483647;
			files = (
			);
			runOnlyForDeploymentPostprocessing = 0;
		};
		71DFBA99199DD65000EDF167 /* Frameworks */ = {
			isa = PBXFrameworksBuildPhase;
			buildActionMask = 2147483647;
			files = (
			);
			runOnlyForDeploymentPostprocessing = 0;
		};
/* End PBXFrameworksBuildPhase section */

/* Begin PBXGroup section */
		71DFBA86199DD65000EDF167 = {
			isa = PBXGroup;
			children = (
				71DFBA91199DD65000EDF167 /* NumberProblems-Swift */,
				71DFBA9F199DD65000EDF167 /* NumberProblems-SwiftTests */,
				71DFBA90199DD65000EDF167 /* Products */,
			);
			sourceTree = "<group>";
		};
		71DFBA90199DD65000EDF167 /* Products */ = {
			isa = PBXGroup;
			children = (
				71DFBA8F199DD65000EDF167 /* NumberProblems-Swift.app */,
				71DFBA9C199DD65000EDF167 /* NumberProblems-SwiftTests.xctest */,
			);
			name = Products;
			sourceTree = "<group>";
		};
		71DFBA91199DD65000EDF167 /* NumberProblems-Swift */ = {
			isa = PBXGroup;
			children = (
				71DFBA94199DD65000EDF167 /* AppDelegate.swift */,
				71DFBA96199DD65000EDF167 /* Images.xcassets */,
				71DFBA92199DD65000EDF167 /* Supporting Files */,
			);
			path = "NumberProblems-Swift";
			sourceTree = "<group>";
		};
		71DFBA92199DD65000EDF167 /* Supporting Files */ = {
			isa = PBXGroup;
			children = (
				71DFBA93199DD65000EDF167 /* Info.plist */,
			);
			name = "Supporting Files";
			sourceTree = "<group>";
		};
		71DFBA9F199DD65000EDF167 /* NumberProblems-SwiftTests */ = {
			isa = PBXGroup;
			children = (
				71DFBAA2199DD65000EDF167 /* NumberProblems_SwiftTests.swift */,
				71DFBAA0199DD65000EDF167 /* Supporting Files */,
			);
			path = "NumberProblems-SwiftTests";
			sourceTree = "<group>";
		};
		71DFBAA0199DD65000EDF167 /* Supporting Files */ = {
			isa = PBXGroup;
			children = (
				71DFBAA1199DD65000EDF167 /* Info.plist */,
			);
			name = "Supporting Files";
			sourceTree = "<group>";
		};
/* End PBXGroup section */

/* Begin PBXNativeTarget section */
		71DFBA8E199DD65000EDF167 /* NumberProblems-Swift */ = {
			isa = PBXNativeTarget;
			buildConfigurationList = 71DFBAA6199DD65000EDF167 /* Build configuration list for PBXNativeTarget "NumberProblems-Swift" */;
			buildPhases = (
				71DFBA8B199DD65000EDF167 /* Sources */,
				71DFBA8C199DD65000EDF167 /* Frameworks */,
				71DFBA8D199DD65000EDF167 /* Resources */,
			);
			buildRules = (
			);
			dependencies = (
			);
			name = "NumberProblems-Swift";
			productName = "NumberProblems-Swift";
			productReference = 71DFBA8F199DD65000EDF167 /* NumberProblems-Swift.app */;
			productType = "com.apple.product-type.application";
		};
		71DFBA9B199DD65000EDF167 /* NumberProblems-SwiftTests */ = {
			isa = PBXNativeTarget;
			buildConfigurationList = 71DFBAA9199DD65000EDF167 /* Build configuration list for PBXNativeTarget "NumberProblems-SwiftTests" */;
			buildPhases = (
				71DFBA98199DD65000EDF167 /* Sources */,
				71DFBA99199DD65000EDF167 /* Frameworks */,
				71DFBA9A199DD65000EDF167 /* Resources */,
			);
			buildRules = (
			);
			dependencies = (
				71DFBA9E199DD65000EDF167 /* PBXTargetDependency */,
			);
			name = "NumberProblems-SwiftTests";
			productName = "NumberProblems-SwiftTests";
			productReference = 71DFBA9C199DD65000EDF167 /* NumberProblems-SwiftTests.xctest */;
			productType = "com.apple.product-type.bundle.unit-test";
		};
/* End PBXNativeTarget section */

/* Begin PBXProject section */
		71DFBA87199DD65000EDF167 /* Project object */ = {
			isa = PBXProject;
			attributes = {
				LastUpgradeCheck = 0600;
				ORGANIZATIONNAME = DevMountain;
				TargetAttributes = {
					71DFBA8E199DD65000EDF167 = {
						CreatedOnToolsVersion = 6.0;
					};
					71DFBA9B199DD65000EDF167 = {
						CreatedOnToolsVersion = 6.0;
						TestTargetID = 71DFBA8E199DD65000EDF167;
					};
				};
			};
			buildConfigurationList = 71DFBA8A199DD65000EDF167 /* Build configuration list for PBXProject "NumberProblems-Swift" */;
			compatibilityVersion = "Xcode 3.2";
			developmentRegion = English;
			hasScannedForEncodings = 0;
			knownRegions = (
				en,
			);
			mainGroup = 71DFBA86199DD65000EDF167;
			productRefGroup = 71DFBA90199DD65000EDF167 /* Products */;
			projectDirPath = "";
			projectRoot = "";
			targets = (
				71DFBA8E199DD65000EDF167 /* NumberProblems-Swift */,
				71DFBA9B199DD65000EDF167 /* NumberProblems-SwiftTests */,
			);
		};
/* End PBXProject section */

/* Begin PBXResourcesBuildPhase section */
		71DFBA8D199DD65000EDF167 /* Resources */ = {
			isa = PBXResourcesBuildPhase;
			buildActionMask = 2147483647;
			files = (
				71DFBA97199DD65000EDF167 /* Images.xcassets in Resources */,
			);
			runOnlyForDeploymentPostprocessing = 0;
		};
		71DFBA9A199DD65000EDF167 /* Resources */ = {
			isa = PBXResourcesBuildPhase;
			buildActionMask = 2147483647;
			files = (
			);
			runOnlyForDeploymentPostprocessing = 0;
		};
/* End PBXResourcesBuildPhase section */

/* Begin PBXSourcesBuildPhase section */
		71DFBA8B199DD65000EDF167 /* Sources */ = {
			isa = PBXSourcesBuildPhase;
			buildActionMask = 2147483647;
			files = (
				71DFBA95199DD65000EDF167 /* AppDelegate.swift in Sources */,
			);
			runOnlyForDeploymentPostprocessing = 0;
		};
		71DFBA98199DD65000EDF167 /* Sources */ = {
			isa = PBXSourcesBuildPhase;
			buildActionMask = 2147483647;
			files = (
				71DFBAA3199DD65000EDF167 /* NumberProblems_SwiftTests.swift in Sources */,
			);
			runOnlyForDeploymentPostprocessing = 0;
		};
/* End PBXSourcesBuildPhase section */

/* Begin PBXTargetDependency section */
		71DFBA9E199DD65000EDF167 /* PBXTargetDependency */ = {
			isa = PBXTargetDependency;
			target = 71DFBA8E199DD65000EDF167 /* NumberProblems-Swift */;
			targetProxy = 71DFBA9D199DD65000EDF167 /* PBXContainerItemProxy */;
		};
/* End PBXTargetDependency section */

/* Begin XCBuildConfiguration section */
		71DFBAA4199DD65000EDF167 /* Debug */ = {
			isa = XCBuildConfiguration;
			buildSettings = {
				ALWAYS_SEARCH_USER_PATHS = NO;
				CLANG_CXX_LANGUAGE_STANDARD = "gnu++0x";
				CLANG_CXX_LIBRARY = "libc++";
				CLANG_ENABLE_MODULES = YES;
				CLANG_ENABLE_OBJC_ARC = YES;
				CLANG_WARN_BOOL_CONVERSION = YES;
				CLANG_WARN_CONSTANT_CONVERSION = YES;
				CLANG_WARN_DIRECT_OBJC_ISA_USAGE = YES_ERROR;
				CLANG_WARN_EMPTY_BODY = YES;
				CLANG_WARN_ENUM_CONVERSION = YES;
				CLANG_WARN_INT_CONVERSION = YES;
				CLANG_WARN_OBJC_ROOT_CLASS = YES_ERROR;
				CLANG_WARN_UNREACHABLE_CODE = YES;
				CLANG_WARN__DUPLICATE_METHOD_MATCH = YES;
				"CODE_SIGN_IDENTITY[sdk=iphoneos*]" = "iPhone Developer";
				COPY_PHASE_STRIP = NO;
				ENABLE_STRICT_OBJC_MSGSEND = YES;
				GCC_C_LANGUAGE_STANDARD = gnu99;
				GCC_DYNAMIC_NO_PIC = NO;
				GCC_OPTIMIZATION_LEVEL = 0;
				GCC_PREPROCESSOR_DEFINITIONS = (
					"DEBUG=1",
					"$(inherited)",
				);
				GCC_SYMBOLS_PRIVATE_EXTERN = NO;
				GCC_WARN_64_TO_32_BIT_CONVERSION = YES;
				GCC_WARN_ABOUT_RETURN_TYPE = YES_ERROR;
				GCC_WARN_UNDECLARED_SELECTOR = YES;
				GCC_WARN_UNINITIALIZED_AUTOS = YES_AGGRESSIVE;
				GCC_WARN_UNUSED_FUNCTION = YES;
				GCC_WARN_UNUSED_VARIABLE = YES;
				IPHONEOS_DEPLOYMENT_TARGET = 8.0;
				MTL_ENABLE_DEBUG_INFO = YES;
				ONLY_ACTIVE_ARCH = YES;
				SDKROOT = iphoneos;
				SWIFT_OPTIMIZATION_LEVEL = "-Onone";
			};
			name = Debug;
		};
		71DFBAA5199DD65000EDF167 /* Release */ = {
			isa = XCBuildConfiguration;
			buildSettings = {
				ALWAYS_SEARCH_USER_PATHS = NO;
				CLANG_CXX_LANGUAGE_STANDARD = "gnu++0x";
				CLANG_CXX_LIBRARY = "libc++";
				CLANG_ENABLE_MODULES = YES;
				CLANG_ENABLE_OBJC_ARC = YES;
				CLANG_WARN_BOOL_CONVERSION = YES;
				CLANG_WARN_CONSTANT_CONVERSION = YES;
				CLANG_WARN_DIRECT_OBJC_ISA_USAGE = YES_ERROR;
				CLANG_WARN_EMPTY_BODY = YES;
				CLANG_WARN_ENUM_CONVERSION = YES;
				CLANG_WARN_INT_CONVERSION = YES;
				CLANG_WARN_OBJC_ROOT_CLASS = YES_ERROR;
				CLANG_WARN_UNREACHABLE_CODE = YES;
				CLANG_WARN__DUPLICATE_METHOD_MATCH = YES;
				"CODE_SIGN_IDENTITY[sdk=iphoneos*]" = "iPhone Developer";
				COPY_PHASE_STRIP = YES;
				ENABLE_NS_ASSERTIONS = NO;
				ENABLE_STRICT_OBJC_MSGSEND = YES;
				GCC_C_LANGUAGE_STANDARD = gnu99;
				GCC_WARN_64_TO_32_BIT_CONVERSION = YES;
				GCC_WARN_ABOUT_RETURN_TYPE = YES_ERROR;
				GCC_WARN_UNDECLARED_SELECTOR = YES;
				GCC_WARN_UNINITIALIZED_AUTOS = YES_AGGRESSIVE;
				GCC_WARN_UNUSED_FUNCTION = YES;
				GCC_WARN_UNUSED_VARIABLE = YES;
				IPHONEOS_DEPLOYMENT_TARGET = 8.0;
				MTL_ENABLE_DEBUG_INFO = NO;
				SDKROOT = iphoneos;
				VALIDATE_PRODUCT = YES;
			};
			name = Release;
		};
		71DFBAA7199DD65000EDF167 /* Debug */ = {
			isa = XCBuildConfiguration;
			buildSettings = {
				ASSETCATALOG_COMPILER_APPICON_NAME = AppIcon;
				ASSETCATALOG_COMPILER_LAUNCHIMAGE_NAME = LaunchImage;
				INFOPLIST_FILE = "NumberProblems-Swift/Info.plist";
				LD_RUNPATH_SEARCH_PATHS = "$(inherited) @executable_path/Frameworks";
				PRODUCT_NAME = "$(TARGET_NAME)";
			};
			name = Debug;
		};
		71DFBAA8199DD65000EDF167 /* Release */ = {
			isa = XCBuildConfiguration;
			buildSettings = {
				ASSETCATALOG_COMPILER_APPICON_NAME = AppIcon;
				ASSETCATALOG_COMPILER_LAUNCHIMAGE_NAME = LaunchImage;
				INFOPLIST_FILE = "NumberProblems-Swift/Info.plist";
				LD_RUNPATH_SEARCH_PATHS = "$(inherited) @executable_path/Frameworks";
				PRODUCT_NAME = "$(TARGET_NAME)";
			};
			name = Release;
		};
		71DFBAAA199DD65000EDF167 /* Debug */ = {
			isa = XCBuildConfiguration;
			buildSettings = {
				BUNDLE_LOADER = "$(TEST_HOST)";
				FRAMEWORK_SEARCH_PATHS = (
					"$(SDKROOT)/Developer/Library/Frameworks",
					"$(inherited)",
				);
				GCC_PREPROCESSOR_DEFINITIONS = (
					"DEBUG=1",
					"$(inherited)",
				);
				INFOPLIST_FILE = "NumberProblems-SwiftTests/Info.plist";
				LD_RUNPATH_SEARCH_PATHS = "$(inherited) @executable_path/Frameworks @loader_path/Frameworks";
				PRODUCT_NAME = "$(TARGET_NAME)";
				TEST_HOST = "$(BUILT_PRODUCTS_DIR)/NumberProblems-Swift.app/NumberProblems-Swift";
			};
			name = Debug;
		};
		71DFBAAB199DD65000EDF167 /* Release */ = {
			isa = XCBuildConfiguration;
			buildSettings = {
				BUNDLE_LOADER = "$(TEST_HOST)";
				FRAMEWORK_SEARCH_PATHS = (
					"$(SDKROOT)/Developer/Library/Frameworks",
					"$(inherited)",
				);
				INFOPLIST_FILE = "NumberProblems-SwiftTests/Info.plist";
				LD_RUNPATH_SEARCH_PATHS = "$(inherited) @executable_path/Frameworks @loader_path/Frameworks";
				PRODUCT_NAME = "$(TARGET_NAME)";
				TEST_HOST = "$(BUILT_PRODUCTS_DIR)/NumberProblems-Swift.app/NumberProblems-Swift";
			};
			name = Release;
		};
/* End XCBuildConfiguration section */

/* Begin XCConfigurationList section */
		71DFBA8A199DD65000EDF167 /* Build configuration list for PBXProject "NumberProblems-Swift" */ = {
			isa = XCConfigurationList;
			buildConfigurations = (
				71DFBAA4199DD65000EDF167 /* Debug */,
				71DFBAA5199DD65000EDF167 /* Release */,
			);
			defaultConfigurationIsVisible = 0;
			defaultConfigurationName = Release;
		};
		71DFBAA6199DD65000EDF167 /* Build configuration list for PBXNativeTarget "NumberProblems-Swift" */ = {
			isa = XCConfigurationList;
			buildConfigurations = (
				71DFBAA7199DD65000EDF167 /* Debug */,
				71DFBAA8199DD65000EDF167 /* Release */,
			);
			defaultConfigurationIsVisible = 0;
		};
		71DFBAA9199DD65000EDF167 /* Build configuration list for PBXNativeTarget "NumberProblems-SwiftTests" */ = {
			isa = XCConfigurationList;
			buildConfigurations = (
				71DFBAAA199DD65000EDF167 /* Debug */,
				71DFBAAB199DD65000EDF167 /* Release */,
			);
			defaultConfigurationIsVisible = 0;
		};
/* End XCConfigurationList section */
	};
	rootObject = 71DFBA87199DD65000EDF167 /* Project object */;
}
